
Microsoft Visual Studio Solution File, Format Version 10.00
# Visual Studio 2008
Project("{D183A3D8-5FD8-494B-B014-37F57B35E655}") = "Case Study8", "Case Study8\Case Study8.dtproj", "{39BCEBBD-30E5-44D9-BD7F-38A40AA57A1B}"
EndProject
Global
	GlobalSection(SolutionConfigurationPlatforms) = preSolution
		Development|Default = Development|Default
	EndGlobalSection
	GlobalSection(ProjectConfigurationPlatforms) = postSolution
		{39BCEBBD-30E5-44D9-BD7F-38A40AA57A1B}.Development|Default.ActiveCfg = Development
		{39BCEBBD-30E5-44D9-BD7F-38A40AA57A1B}.Development|Default.Build.0 = Development
	EndGlobalSection
	GlobalSection(SolutionProperties) = preSolution
		HideSolutionNode = FALSE
	EndGlobalSection
EndGlobal
