
Microsoft Visual Studio Solution File, Format Version 10.00
# Visual Studio 2008
Project("{D183A3D8-5FD8-494B-B014-37F57B35E655}") = "Case Study6", "Case Study6\Case Study6.dtproj", "{EE364011-4FF8-40F3-9108-144E862F3922}"
EndProject
Global
	GlobalSection(SolutionConfigurationPlatforms) = preSolution
		Development|Default = Development|Default
	EndGlobalSection
	GlobalSection(ProjectConfigurationPlatforms) = postSolution
		{EE364011-4FF8-40F3-9108-144E862F3922}.Development|Default.ActiveCfg = Development
		{EE364011-4FF8-40F3-9108-144E862F3922}.Development|Default.Build.0 = Development
	EndGlobalSection
	GlobalSection(SolutionProperties) = preSolution
		HideSolutionNode = FALSE
	EndGlobalSection
EndGlobal
