
Microsoft Visual Studio Solution File, Format Version 10.00
# Visual Studio 2008
Project("{D183A3D8-5FD8-494B-B014-37F57B35E655}") = "Case Study 5", "Case Study 5\Case Study 5.dtproj", "{B081C30B-9F82-4654-AC7C-C27541853E64}"
EndProject
Global
	GlobalSection(SolutionConfigurationPlatforms) = preSolution
		Development|Default = Development|Default
	EndGlobalSection
	GlobalSection(ProjectConfigurationPlatforms) = postSolution
		{B081C30B-9F82-4654-AC7C-C27541853E64}.Development|Default.ActiveCfg = Development
		{B081C30B-9F82-4654-AC7C-C27541853E64}.Development|Default.Build.0 = Development
	EndGlobalSection
	GlobalSection(SolutionProperties) = preSolution
		HideSolutionNode = FALSE
	EndGlobalSection
EndGlobal
